Microsoft Visual Studio Solution File, Format Version 12.00
# Visual Studio Version 17
VisualStudioVersion = 17.5.2.0
MinimumVisualStudioVersion = 10.0.40219.1
Project("{FAE04EC0-301F-11D3-BF4B-00C04F79EFBC}") = "CallingAPI", "CallingAPI.csproj", "{22749C10-D403-E0F7-897E-2093CB6B1CBF}"
EndProject
Global
	GlobalSection(SolutionConfigurationPlatforms) = preSolution
		Debug|Any CPU = Debug|Any CPU
		Release|Any CPU = Release|Any CPU
	EndGlobalSection
	GlobalSection(ProjectConfigurationPlatforms) = postSolution
		{22749C10-D403-E0F7-897E-2093CB6B1CBF}.Debug|Any CPU.ActiveCfg = Debug|Any CPU
		{22749C10-D403-E0F7-897E-2093CB6B1CBF}.Debug|Any CPU.Build.0 = Debug|Any CPU
		{22749C10-D403-E0F7-897E-2093CB6B1CBF}.Release|Any CPU.ActiveCfg = Release|Any CPU
		{22749C10-D403-E0F7-897E-2093CB6B1CBF}.Release|Any CPU.Build.0 = Release|Any CPU
	EndGlobalSection
	GlobalSection(SolutionProperties) = preSolution
		HideSolutionNode = FALSE
	EndGlobalSection
	GlobalSection(ExtensibilityGlobals) = postSolution
		SolutionGuid = {B0069646-6767-4BCA-91F9-56437F4D7C75}
	EndGlobalSection
EndGlobal
